// !$*UTF8*$!
{
	archiveVersion = 1;
	classes = {
	};
	objectVersion = 56;
	objects = {

/* Begin PBXBuildFile section */
		7710FB382A4226D2002706DF /* GoogleService-Info.plist in Resources */ = {isa = PBXBuildFile; fileRef = 7710FB372A4226D2002706DF /* GoogleService-Info.plist */; };
		7710FB402A42277C002706DF /* Alpine_Music_AppTests.swift in Sources */ = {isa = PBXBuildFile; fileRef = 7710FB3F2A42277C002706DF /* Alpine_Music_AppTests.swift */; };
		7710FB4D2A422974002706DF /* Alpine_Music_AppUITests.swift in Sources */ = {isa = PBXBuildFile; fileRef = 7710FB4C2A422974002706DF /* Alpine_Music_AppUITests.swift */; };
		7710FB4F2A422974002706DF /* Alpine_Music_AppUITestsLaunchTests.swift in Sources */ = {isa = PBXBuildFile; fileRef = 7710FB4E2A422974002706DF /* Alpine_Music_AppUITestsLaunchTests.swift */; };
		77118B5F29F8350B00C63F0C /* DonationCell.swift in Sources */ = {isa = PBXBuildFile; fileRef = 77118B5E29F8350B00C63F0C /* DonationCell.swift */; };
		771BE82229EF6AE600E450D9 /* Social.swift in Sources */ = {isa = PBXBuildFile; fileRef = 771BE82129EF6AE600E450D9 /* Social.swift */; };
		771BE82429F0760F00E450D9 /* SocialCell.swift in Sources */ = {isa = PBXBuildFile; fileRef = 771BE82329F0760F00E450D9 /* SocialCell.swift */; };
		771BE82629F07DBD00E450D9 /* SocialsRepository.swift in Sources */ = {isa = PBXBuildFile; fileRef = 771BE82529F07DBD00E450D9 /* SocialsRepository.swift */; };
		7744094829EC7AE900904506 /* Kingfisher in Frameworks */ = {isa = PBXBuildFile; productRef = 7744094729EC7AE900904506 /* Kingfisher */; };
		7744094B29EC84F900904506 /* StreamRepository.swift in Sources */ = {isa = PBXBuildFile; fileRef = 7744094A29EC84F900904506 /* StreamRepository.swift */; };
		774CF3DC2A01B054007BB528 /* PrivacyWebViewViewController.swift in Sources */ = {isa = PBXBuildFile; fileRef = 774CF3DB2A01B054007BB528 /* PrivacyWebViewViewController.swift */; };
		774CF3DF2A02E127007BB528 /* PushNotificationManager.swift in Sources */ = {isa = PBXBuildFile; fileRef = 774CF3DE2A02E127007BB528 /* PushNotificationManager.swift */; };
		774CF3E22A02E1DE007BB528 /* FirebaseFirestore in Frameworks */ = {isa = PBXBuildFile; productRef = 774CF3E12A02E1DE007BB528 /* FirebaseFirestore */; };
		774CF3E42A02E1DE007BB528 /* FirebaseFirestoreSwift in Frameworks */ = {isa = PBXBuildFile; productRef = 774CF3E32A02E1DE007BB528 /* FirebaseFirestoreSwift */; };
		774CF3E62A02E1DE007BB528 /* FirebaseMessaging in Frameworks */ = {isa = PBXBuildFile; productRef = 774CF3E52A02E1DE007BB528 /* FirebaseMessaging */; };
		77558A832A045F9900A539BC /* AVPlayerManager.swift in Sources */ = {isa = PBXBuildFile; fileRef = 77558A822A045F9900A539BC /* AVPlayerManager.swift */; };
		775E602629E9D88600582A62 /* Stream.swift in Sources */ = {isa = PBXBuildFile; fileRef = 775E602529E9D88600582A62 /* Stream.swift */; };
		7787CC9D29E86EC100167F99 /* AppDelegate.swift in Sources */ = {isa = PBXBuildFile; fileRef = 7787CC9C29E86EC100167F99 /* AppDelegate.swift */; };
		7787CC9F29E86EC100167F99 /* SceneDelegate.swift in Sources */ = {isa = PBXBuildFile; fileRef = 7787CC9E29E86EC100167F99 /* SceneDelegate.swift */; };
		7787CCA129E86EC100167F99 /* HomeViewController.swift in Sources */ = {isa = PBXBuildFile; fileRef = 7787CCA029E86EC100167F99 /* HomeViewController.swift */; };
		7787CCA429E86EC100167F99 /* Main.storyboard in Resources */ = {isa = PBXBuildFile; fileRef = 7787CCA229E86EC100167F99 /* Main.storyboard */; };
		7787CCA629E86EC200167F99 /* Assets.xcassets in Resources */ = {isa = PBXBuildFile; fileRef = 7787CCA529E86EC200167F99 /* Assets.xcassets */; };
		7787CCA929E86EC200167F99 /* LaunchScreen.storyboard in Resources */ = {isa = PBXBuildFile; fileRef = 7787CCA729E86EC200167F99 /* LaunchScreen.storyboard */; };
		7787CCB129E8707F00167F99 /* CustomTabBarController.swift in Sources */ = {isa = PBXBuildFile; fileRef = 7787CCB029E8707F00167F99 /* CustomTabBarController.swift */; };
		7787CCB329E8713900167F99 /* AboutViewController.swift in Sources */ = {isa = PBXBuildFile; fileRef = 7787CCB229E8713900167F99 /* AboutViewController.swift */; };
		7787CCB529E8714A00167F99 /* SettingsViewController.swift in Sources */ = {isa = PBXBuildFile; fileRef = 7787CCB429E8714A00167F99 /* SettingsViewController.swift */; };
		7787CCBA29E87C4100167F99 /* CurrentStreamCell.swift in Sources */ = {isa = PBXBuildFile; fileRef = 7787CCB929E87C4100167F99 /* CurrentStreamCell.swift */; };
		77BD906329F305D000E15650 /* SupportMe.storyboard in Resources */ = {isa = PBXBuildFile; fileRef = 77BD906229F305D000E15650 /* SupportMe.storyboard */; };
		77BD906529F305DD00E15650 /* SupportMeViewController.swift in Sources */ = {isa = PBXBuildFile; fileRef = 77BD906429F305DD00E15650 /* SupportMeViewController.swift */; };
		77BD906729F309FC00E15650 /* SettingsCell.swift in Sources */ = {isa = PBXBuildFile; fileRef = 77BD906629F309FC00E15650 /* SettingsCell.swift */; };
		77F083542A004A0200C48994 /* StoreRepository.swift in Sources */ = {isa = PBXBuildFile; fileRef = 77F083532A004A0200C48994 /* StoreRepository.swift */; };
/* End PBXBuildFile section */

/* Begin PBXContainerItemProxy section */
		7710FB412A42277C002706DF /* PBXContainerItemProxy */ = {
			isa = PBXContainerItemProxy;
			containerPortal = 7787CC9129E86EC100167F99 /* Project object */;
			proxyType = 1;
			remoteGlobalIDString = 7787CC9829E86EC100167F99;
			remoteInfo = "Alpine Music App";
		};
		7710FB502A422974002706DF /* PBXContainerItemProxy */ = {
			isa = PBXContainerItemProxy;
			containerPortal = 7787CC9129E86EC100167F99 /* Project object */;
			proxyType = 1;
			remoteGlobalIDString = 7787CC9829E86EC100167F99;
			remoteInfo = "Alpine Music App";
		};
/* End PBXContainerItemProxy section */

/* Begin PBXFileReference section */
		7710FB372A4226D2002706DF /* GoogleService-Info.plist */ = {isa = PBXFileReference; fileEncoding = 4; lastKnownFileType = text.plist.xml; path = "GoogleService-Info.plist"; sourceTree = "<group>"; };
		7710FB3D2A42277C002706DF /* Alpine Music AppTests.xctest */ = {isa = PBXFileReference; explicitFileType = wrapper.cfbundle; includeInIndex = 0; path = "Alpine Music AppTests.xctest"; sourceTree = BUILT_PRODUCTS_DIR; };
		7710FB3F2A42277C002706DF /* Alpine_Music_AppTests.swift */ = {isa = PBXFileReference; lastKnownFileType = sourcecode.swift; path = Alpine_Music_AppTests.swift; sourceTree = "<group>"; };
		7710FB4A2A422974002706DF /* Alpine Music AppUITests.xctest */ = {isa = PBXFileReference; explicitFileType = wrapper.cfbundle; includeInIndex = 0; path = "Alpine Music AppUITests.xctest"; sourceTree = BUILT_PRODUCTS_DIR; };
		7710FB4C2A422974002706DF /* Alpine_Music_AppUITests.swift */ = {isa = PBXFileReference; lastKnownFileType = sourcecode.swift; path = Alpine_Music_AppUITests.swift; sourceTree = "<group>"; };
		7710FB4E2A422974002706DF /* Alpine_Music_AppUITestsLaunchTests.swift */ = {isa = PBXFileReference; lastKnownFileType = sourcecode.swift; path = Alpine_Music_AppUITestsLaunchTests.swift; sourceTree = "<group>"; };
		77118B5E29F8350B00C63F0C /* DonationCell.swift */ = {isa = PBXFileReference; lastKnownFileType = sourcecode.swift; path = DonationCell.swift; sourceTree = "<group>"; };
		771BE82129EF6AE600E450D9 /* Social.swift */ = {isa = PBXFileReference; lastKnownFileType = sourcecode.swift; path = Social.swift; sourceTree = "<group>"; };
		771BE82329F0760F00E450D9 /* SocialCell.swift */ = {isa = PBXFileReference; lastKnownFileType = sourcecode.swift; path = SocialCell.swift; sourceTree = "<group>"; };
		771BE82529F07DBD00E450D9 /* SocialsRepository.swift */ = {isa = PBXFileReference; lastKnownFileType = sourcecode.swift; path = SocialsRepository.swift; sourceTree = "<group>"; };
		7744094A29EC84F900904506 /* StreamRepository.swift */ = {isa = PBXFileReference; lastKnownFileType = sourcecode.swift; path = StreamRepository.swift; sourceTree = "<group>"; };
		774CF3DB2A01B054007BB528 /* PrivacyWebViewViewController.swift */ = {isa = PBXFileReference; lastKnownFileType = sourcecode.swift; path = PrivacyWebViewViewController.swift; sourceTree = "<group>"; };
		774CF3DE2A02E127007BB528 /* PushNotificationManager.swift */ = {isa = PBXFileReference; lastKnownFileType = sourcecode.swift; path = PushNotificationManager.swift; sourceTree = "<group>"; };
		774CF3E92A02F9B9007BB528 /* Alpine Music App.entitlements */ = {isa = PBXFileReference; lastKnownFileType = text.plist.entitlements; path = "Alpine Music App.entitlements"; sourceTree = "<group>"; };
		77558A822A045F9900A539BC /* AVPlayerManager.swift */ = {isa = PBXFileReference; lastKnownFileType = sourcecode.swift; path = AVPlayerManager.swift; sourceTree = "<group>"; };
		775E602529E9D88600582A62 /* Stream.swift */ = {isa = PBXFileReference; lastKnownFileType = sourcecode.swift; path = Stream.swift; sourceTree = "<group>"; };
		7787CC9929E86EC100167F99 /* Alpine Music App.app */ = {isa = PBXFileReference; explicitFileType = wrapper.application; includeInIndex = 0; path = "Alpine Music App.app"; sourceTree = BUILT_PRODUCTS_DIR; };
		7787CC9C29E86EC100167F99 /* AppDelegate.swift */ = {isa = PBXFileReference; lastKnownFileType = sourcecode.swift; path = AppDelegate.swift; sourceTree = "<group>"; };
		7787CC9E29E86EC100167F99 /* SceneDelegate.swift */ = {isa = PBXFileReference; lastKnownFileType = sourcecode.swift; path = SceneDelegate.swift; sourceTree = "<group>"; };
		7787CCA029E86EC100167F99 /* HomeViewController.swift */ = {isa = PBXFileReference; lastKnownFileType = sourcecode.swift; path = HomeViewController.swift; sourceTree = "<group>"; };
		7787CCA329E86EC100167F99 /* Base */ = {isa = PBXFileReference; lastKnownFileType = file.storyboard; name = Base; path = Base.lproj/Main.storyboard; sourceTree = "<group>"; };
		7787CCA529E86EC200167F99 /* Assets.xcassets */ = {isa = PBXFileReference; lastKnownFileType = folder.assetcatalog; path = Assets.xcassets; sourceTree = "<group>"; };
		7787CCA829E86EC200167F99 /* Base */ = {isa = PBXFileReference; lastKnownFileType = file.storyboard; name = Base; path = Base.lproj/LaunchScreen.storyboard; sourceTree = "<group>"; };
		7787CCAA29E86EC200167F99 /* Info.plist */ = {isa = PBXFileReference; lastKnownFileType = text.plist.xml; path = Info.plist; sourceTree = "<group>"; };
		7787CCB029E8707F00167F99 /* CustomTabBarController.swift */ = {isa = PBXFileReference; lastKnownFileType = sourcecode.swift; path = CustomTabBarController.swift; sourceTree = "<group>"; };
		7787CCB229E8713900167F99 /* AboutViewController.swift */ = {isa = PBXFileReference; lastKnownFileType = sourcecode.swift; path = AboutViewController.swift; sourceTree = "<group>"; };
		7787CCB429E8714A00167F99 /* SettingsViewController.swift */ = {isa = PBXFileReference; lastKnownFileType = sourcecode.swift; path = SettingsViewController.swift; sourceTree = "<group>"; };
		7787CCB929E87C4100167F99 /* CurrentStreamCell.swift */ = {isa = PBXFileReference; lastKnownFileType = sourcecode.swift; path = CurrentStreamCell.swift; sourceTree = "<group>"; };
		77BD906229F305D000E15650 /* SupportMe.storyboard */ = {isa = PBXFileReference; lastKnownFileType = file.storyboard; path = SupportMe.storyboard; sourceTree = "<group>"; };
		77BD906429F305DD00E15650 /* SupportMeViewController.swift */ = {isa = PBXFileReference; lastKnownFileType = sourcecode.swift; path = SupportMeViewController.swift; sourceTree = "<group>"; };
		77BD906629F309FC00E15650 /* SettingsCell.swift */ = {isa = PBXFileReference; lastKnownFileType = sourcecode.swift; path = SettingsCell.swift; sourceTree = "<group>"; };
		77BD906829F32F8C00E15650 /* product.storekit */ = {isa = PBXFileReference; lastKnownFileType = text; path = product.storekit; sourceTree = "<group>"; };
		77F083532A004A0200C48994 /* StoreRepository.swift */ = {isa = PBXFileReference; lastKnownFileType = sourcecode.swift; path = StoreRepository.swift; sourceTree = "<group>"; };
/* End PBXFileReference section */

/* Begin PBXFrameworksBuildPhase section */
		7710FB3A2A42277C002706DF /* Frameworks */ = {
			isa = PBXFrameworksBuildPhase;
			buildActionMask = 2147483647;
			files = (
			);
			runOnlyForDeploymentPostprocessing = 0;
		};
		7710FB472A422974002706DF /* Frameworks */ = {
			isa = PBXFrameworksBuildPhase;
			buildActionMask = 2147483647;
			files = (
			);
			runOnlyForDeploymentPostprocessing = 0;
		};
		7787CC9629E86EC100167F99 /* Frameworks */ = {
			isa = PBXFrameworksBuildPhase;
			buildActionMask = 2147483647;
			files = (
				774CF3E62A02E1DE007BB528 /* FirebaseMessaging in Frameworks */,
				7744094829EC7AE900904506 /* Kingfisher in Frameworks */,
				774CF3E22A02E1DE007BB528 /* FirebaseFirestore in Frameworks */,
				774CF3E42A02E1DE007BB528 /* FirebaseFirestoreSwift in Frameworks */,
			);
			runOnlyForDeploymentPostprocessing = 0;
		};
/* End PBXFrameworksBuildPhase section */

/* Begin PBXGroup section */
		7710FB3E2A42277C002706DF /* Alpine Music AppTests */ = {
			isa = PBXGroup;
			children = (
				7710FB3F2A42277C002706DF /* Alpine_Music_AppTests.swift */,
			);
			path = "Alpine Music AppTests";
			sourceTree = "<group>";
		};
		7710FB4B2A422974002706DF /* Alpine Music AppUITests */ = {
			isa = PBXGroup;
			children = (
				7710FB4C2A422974002706DF /* Alpine_Music_AppUITests.swift */,
				7710FB4E2A422974002706DF /* Alpine_Music_AppUITestsLaunchTests.swift */,
			);
			path = "Alpine Music AppUITests";
			sourceTree = "<group>";
		};
		7744094929EC84D800904506 /* Repositories */ = {
			isa = PBXGroup;
			children = (
				7744094A29EC84F900904506 /* StreamRepository.swift */,
				771BE82529F07DBD00E450D9 /* SocialsRepository.swift */,
				77F083532A004A0200C48994 /* StoreRepository.swift */,
			);
			path = Repositories;
			sourceTree = "<group>";
		};
		774CF3DD2A02E112007BB528 /* Utilities */ = {
			isa = PBXGroup;
			children = (
				774CF3DE2A02E127007BB528 /* PushNotificationManager.swift */,
				77558A822A045F9900A539BC /* AVPlayerManager.swift */,
			);
			path = Utilities;
			sourceTree = "<group>";
		};
		775E602329E9D71F00582A62 /* Models */ = {
			isa = PBXGroup;
			children = (
				775E602529E9D88600582A62 /* Stream.swift */,
				771BE82129EF6AE600E450D9 /* Social.swift */,
			);
			path = Models;
			sourceTree = "<group>";
		};
		775E602429E9D73800582A62 /* Resources */ = {
			isa = PBXGroup;
			children = (
				7710FB372A4226D2002706DF /* GoogleService-Info.plist */,
				7787CCA529E86EC200167F99 /* Assets.xcassets */,
				7787CCAA29E86EC200167F99 /* Info.plist */,
				77BD906829F32F8C00E15650 /* product.storekit */,
			);
			path = Resources;
			sourceTree = "<group>";
		};
		7787CC9029E86EC100167F99 = {
			isa = PBXGroup;
			children = (
				7787CC9B29E86EC100167F99 /* Alpine Music App */,
				7710FB3E2A42277C002706DF /* Alpine Music AppTests */,
				7710FB4B2A422974002706DF /* Alpine Music AppUITests */,
				7787CC9A29E86EC100167F99 /* Products */,
			);
			sourceTree = "<group>";
		};
		7787CC9A29E86EC100167F99 /* Products */ = {
			isa = PBXGroup;
			children = (
				7787CC9929E86EC100167F99 /* Alpine Music App.app */,
				7710FB3D2A42277C002706DF /* Alpine Music AppTests.xctest */,
				7710FB4A2A422974002706DF /* Alpine Music AppUITests.xctest */,
			);
			name = Products;
			sourceTree = "<group>";
		};
		7787CC9B29E86EC100167F99 /* Alpine Music App */ = {
			isa = PBXGroup;
			children = (
				774CF3E92A02F9B9007BB528 /* Alpine Music App.entitlements */,
				774CF3DD2A02E112007BB528 /* Utilities */,
				7744094929EC84D800904506 /* Repositories */,
				775E602429E9D73800582A62 /* Resources */,
				775E602329E9D71F00582A62 /* Models */,
				7787CCB829E87C2A00167F99 /* TableViewCells */,
				7787CCB729E87C1000167F99 /* Views */,
				7787CCB629E87BFC00167F99 /* ViewControllers */,
				7787CC9C29E86EC100167F99 /* AppDelegate.swift */,
				7787CC9E29E86EC100167F99 /* SceneDelegate.swift */,
			);
			path = "Alpine Music App";
			sourceTree = "<group>";
		};
		7787CCB629E87BFC00167F99 /* ViewControllers */ = {
			isa = PBXGroup;
			children = (
				7787CCB029E8707F00167F99 /* CustomTabBarController.swift */,
				7787CCA029E86EC100167F99 /* HomeViewController.swift */,
				7787CCB429E8714A00167F99 /* SettingsViewController.swift */,
				7787CCB229E8713900167F99 /* AboutViewController.swift */,
				77BD906429F305DD00E15650 /* SupportMeViewController.swift */,
				774CF3DB2A01B054007BB528 /* PrivacyWebViewViewController.swift */,
			);
			path = ViewControllers;
			sourceTree = "<group>";
		};
		7787CCB729E87C1000167F99 /* Views */ = {
			isa = PBXGroup;
			children = (
				7787CCA229E86EC100167F99 /* Main.storyboard */,
				7787CCA729E86EC200167F99 /* LaunchScreen.storyboard */,
				77BD906229F305D000E15650 /* SupportMe.storyboard */,
			);
			path = Views;
			sourceTree = "<group>";
		};
		7787CCB829E87C2A00167F99 /* TableViewCells */ = {
			isa = PBXGroup;
			children = (
				7787CCB929E87C4100167F99 /* CurrentStreamCell.swift */,
				771BE82329F0760F00E450D9 /* SocialCell.swift */,
				77BD906629F309FC00E15650 /* SettingsCell.swift */,
				77118B5E29F8350B00C63F0C /* DonationCell.swift */,
			);
			path = TableViewCells;
			sourceTree = "<group>";
		};
/* End PBXGroup section */

/* Begin PBXNativeTarget section */
		7710FB3C2A42277C002706DF /* Alpine Music AppTests */ = {
			isa = PBXNativeTarget;
			buildConfigurationList = 7710FB432A42277C002706DF /* Build configuration list for PBXNativeTarget "Alpine Music AppTests" */;
			buildPhases = (
				7710FB392A42277C002706DF /* Sources */,
				7710FB3A2A42277C002706DF /* Frameworks */,
				7710FB3B2A42277C002706DF /* Resources */,
			);
			buildRules = (
			);
			dependencies = (
				7710FB422A42277C002706DF /* PBXTargetDependency */,
			);
			name = "Alpine Music AppTests";
			productName = "Alpine Music AppTests";
			productReference = 7710FB3D2A42277C002706DF /* Alpine Music AppTests.xctest */;
			productType = "com.apple.product-type.bundle.unit-test";
		};
		7710FB492A422974002706DF /* Alpine Music AppUITests */ = {
			isa = PBXNativeTarget;
			buildConfigurationList = 7710FB522A422974002706DF /* Build configuration list for PBXNativeTarget "Alpine Music AppUITests" */;
			buildPhases = (
				7710FB462A422974002706DF /* Sources */,
				7710FB472A422974002706DF /* Frameworks */,
				7710FB482A422974002706DF /* Resources */,
			);
			buildRules = (
			);
			dependencies = (
				7710FB512A422974002706DF /* PBXTargetDependency */,
			);
			name = "Alpine Music AppUITests";
			productName = "Alpine Music AppUITests";
			productReference = 7710FB4A2A422974002706DF /* Alpine Music AppUITests.xctest */;
			productType = "com.apple.product-type.bundle.ui-testing";
		};
		7787CC9829E86EC100167F99 /* Alpine Music App */ = {
			isa = PBXNativeTarget;
			buildConfigurationList = 7787CCAD29E86EC200167F99 /* Build configuration list for PBXNativeTarget "Alpine Music App" */;
			buildPhases = (
				7787CC9529E86EC100167F99 /* Sources */,
				7787CC9629E86EC100167F99 /* Frameworks */,
				7787CC9729E86EC100167F99 /* Resources */,
			);
			buildRules = (
			);
			dependencies = (
			);
			name = "Alpine Music App";
			packageProductDependencies = (
				7744094729EC7AE900904506 /* Kingfisher */,
				774CF3E12A02E1DE007BB528 /* FirebaseFirestore */,
				774CF3E32A02E1DE007BB528 /* FirebaseFirestoreSwift */,
				774CF3E52A02E1DE007BB528 /* FirebaseMessaging */,
			);
			productName = "Alpine Music App";
			productReference = 7787CC9929E86EC100167F99 /* Alpine Music App.app */;
			productType = "com.apple.product-type.application";
		};
/* End PBXNativeTarget section */

/* Begin PBXProject section */
		7787CC9129E86EC100167F99 /* Project object */ = {
			isa = PBXProject;
			attributes = {
				BuildIndependentTargetsInParallel = 1;
				LastSwiftUpdateCheck = 1430;
				LastUpgradeCheck = 1420;
				TargetAttributes = {
					7710FB3C2A42277C002706DF = {
						CreatedOnToolsVersion = 14.3.1;
						TestTargetID = 7787CC9829E86EC100167F99;
					};
					7710FB492A422974002706DF = {
						CreatedOnToolsVersion = 14.3.1;
						TestTargetID = 7787CC9829E86EC100167F99;
					};
					7787CC9829E86EC100167F99 = {
						CreatedOnToolsVersion = 14.2;
					};
				};
			};
			buildConfigurationList = 7787CC9429E86EC100167F99 /* Build configuration list for PBXProject "Alpine Music App" */;
			compatibilityVersion = "Xcode 14.0";
			developmentRegion = en;
			hasScannedForEncodings = 0;
			knownRegions = (
				en,
				Base,
			);
			mainGroup = 7787CC9029E86EC100167F99;
			packageReferences = (
				7744094629EC7AE900904506 /* XCRemoteSwiftPackageReference "Kingfisher" */,
				774CF3E02A02E1DE007BB528 /* XCRemoteSwiftPackageReference "firebase-ios-sdk" */,
			);
			productRefGroup = 7787CC9A29E86EC100167F99 /* Products */;
			projectDirPath = "";
			projectRoot = "";
			targets = (
				7787CC9829E86EC100167F99 /* Alpine Music App */,
				7710FB3C2A42277C002706DF /* Alpine Music AppTests */,
				7710FB492A422974002706DF /* Alpine Music AppUITests */,
			);
		};
/* End PBXProject section */

/* Begin PBXResourcesBuildPhase section */
		7710FB3B2A42277C002706DF /* Resources */ = {
			isa = PBXResourcesBuildPhase;
			buildActionMask = 2147483647;
			files = (
			);
			runOnlyForDeploymentPostprocessing = 0;
		};
		7710FB482A422974002706DF /* Resources */ = {
			isa = PBXResourcesBuildPhase;
			buildActionMask = 2147483647;
			files = (
			);
			runOnlyForDeploymentPostprocessing = 0;
		};
		7787CC9729E86EC100167F99 /* Resources */ = {
			isa = PBXResourcesBuildPhase;
			buildActionMask = 2147483647;
			files = (
				77BD906329F305D000E15650 /* SupportMe.storyboard in Resources */,
				7787CCA929E86EC200167F99 /* LaunchScreen.storyboard in Resources */,
				7710FB382A4226D2002706DF /* GoogleService-Info.plist in Resources */,
				7787CCA629E86EC200167F99 /* Assets.xcassets in Resources */,
				7787CCA429E86EC100167F99 /* Main.storyboard in Resources */,
			);
			runOnlyForDeploymentPostprocessing = 0;
		};
/* End PBXResourcesBuildPhase section */

/* Begin PBXSourcesBuildPhase section */
		7710FB392A42277C002706DF /* Sources */ = {
			isa = PBXSourcesBuildPhase;
			buildActionMask = 2147483647;
			files = (
				7710FB402A42277C002706DF /* Alpine_Music_AppTests.swift in Sources */,
			);
			runOnlyForDeploymentPostprocessing = 0;
		};
		7710FB462A422974002706DF /* Sources */ = {
			isa = PBXSourcesBuildPhase;
			buildActionMask = 2147483647;
			files = (
				7710FB4D2A422974002706DF /* Alpine_Music_AppUITests.swift in Sources */,
				7710FB4F2A422974002706DF /* Alpine_Music_AppUITestsLaunchTests.swift in Sources */,
			);
			runOnlyForDeploymentPostprocessing = 0;
		};
		7787CC9529E86EC100167F99 /* Sources */ = {
			isa = PBXSourcesBuildPhase;
			buildActionMask = 2147483647;
			files = (
				77BD906729F309FC00E15650 /* SettingsCell.swift in Sources */,
				771BE82229EF6AE600E450D9 /* Social.swift in Sources */,
				77BD906529F305DD00E15650 /* SupportMeViewController.swift in Sources */,
				7787CCA129E86EC100167F99 /* HomeViewController.swift in Sources */,
				7787CCBA29E87C4100167F99 /* CurrentStreamCell.swift in Sources */,
				77118B5F29F8350B00C63F0C /* DonationCell.swift in Sources */,
				774CF3DF2A02E127007BB528 /* PushNotificationManager.swift in Sources */,
				7787CCB329E8713900167F99 /* AboutViewController.swift in Sources */,
				775E602629E9D88600582A62 /* Stream.swift in Sources */,
				774CF3DC2A01B054007BB528 /* PrivacyWebViewViewController.swift in Sources */,
				7787CC9D29E86EC100167F99 /* AppDelegate.swift in Sources */,
				7787CCB129E8707F00167F99 /* CustomTabBarController.swift in Sources */,
				7787CC9F29E86EC100167F99 /* SceneDelegate.swift in Sources */,
				771BE82629F07DBD00E450D9 /* SocialsRepository.swift in Sources */,
				7787CCB529E8714A00167F99 /* SettingsViewController.swift in Sources */,
				77F083542A004A0200C48994 /* StoreRepository.swift in Sources */,
				77558A832A045F9900A539BC /* AVPlayerManager.swift in Sources */,
				7744094B29EC84F900904506 /* StreamRepository.swift in Sources */,
				771BE82429F0760F00E450D9 /* SocialCell.swift in Sources */,
			);
			runOnlyForDeploymentPostprocessing = 0;
		};
/* End PBXSourcesBuildPhase section */

/* Begin PBXTargetDependency section */
		7710FB422A42277C002706DF /* PBXTargetDependency */ = {
			isa = PBXTargetDependency;
			target = 7787CC9829E86EC100167F99 /* Alpine Music App */;
			targetProxy = 7710FB412A42277C002706DF /* PBXContainerItemProxy */;
		};
		7710FB512A422974002706DF /* PBXTargetDependency */ = {
			isa = PBXTargetDependency;
			target = 7787CC9829E86EC100167F99 /* Alpine Music App */;
			targetProxy = 7710FB502A422974002706DF /* PBXContainerItemProxy */;
		};
/* End PBXTargetDependency section */

/* Begin PBXVariantGroup section */
		7787CCA229E86EC100167F99 /* Main.storyboard */ = {
			isa = PBXVariantGroup;
			children = (
				7787CCA329E86EC100167F99 /* Base */,
			);
			name = Main.storyboard;
			sourceTree = "<group>";
		};
		7787CCA729E86EC200167F99 /* LaunchScreen.storyboard */ = {
			isa = PBXVariantGroup;
			children = (
				7787CCA829E86EC200167F99 /* Base */,
			);
			name = LaunchScreen.storyboard;
			sourceTree = "<group>";
		};
/* End PBXVariantGroup section */

/* Begin XCBuildConfiguration section */
		7710FB442A42277C002706DF /* Debug */ = {
			isa = XCBuildConfiguration;
			buildSettings = {
				BUNDLE_LOADER = "$(TEST_HOST)";
				CODE_SIGN_STYLE = Automatic;
				CURRENT_PROJECT_VERSION = 1;
				DEVELOPMENT_TEAM = 4QY57KKASP;
				GENERATE_INFOPLIST_FILE = YES;
				IPHONEOS_DEPLOYMENT_TARGET = 16.4;
				MARKETING_VERSION = 1.0;
				PRODUCT_BUNDLE_IDENTIFIER = "alpine-software.Alpine-Music-AppTests";
				PRODUCT_NAME = "$(TARGET_NAME)";
				SWIFT_EMIT_LOC_STRINGS = NO;
				SWIFT_VERSION = 5.0;
				TARGETED_DEVICE_FAMILY = "1,2";
				TEST_HOST = "$(BUILT_PRODUCTS_DIR)/Alpine Music App.app/$(BUNDLE_EXECUTABLE_FOLDER_PATH)/Alpine Music App";
			};
			name = Debug;
		};
		7710FB452A42277C002706DF /* Release */ = {
			isa = XCBuildConfiguration;
			buildSettings = {
				BUNDLE_LOADER = "$(TEST_HOST)";
				CODE_SIGN_STYLE = Automatic;
				CURRENT_PROJECT_VERSION = 1;
				DEVELOPMENT_TEAM = 4QY57KKASP;
				GENERATE_INFOPLIST_FILE = YES;
				IPHONEOS_DEPLOYMENT_TARGET = 16.4;
				MARKETING_VERSION = 1.0;
				PRODUCT_BUNDLE_IDENTIFIER = "alpine-software.Alpine-Music-AppTests";
				PRODUCT_NAME = "$(TARGET_NAME)";
				SWIFT_EMIT_LOC_STRINGS = NO;
				SWIFT_VERSION = 5.0;
				TARGETED_DEVICE_FAMILY = "1,2";
				TEST_HOST = "$(BUILT_PRODUCTS_DIR)/Alpine Music App.app/$(BUNDLE_EXECUTABLE_FOLDER_PATH)/Alpine Music App";
			};
			name = Release;
		};
		7710FB532A422974002706DF /* Debug */ = {
			isa = XCBuildConfiguration;
			buildSettings = {
				CODE_SIGN_STYLE = Automatic;
				CURRENT_PROJECT_VERSION = 1;
				DEVELOPMENT_TEAM = 4QY57KKASP;
				GENERATE_INFOPLIST_FILE = YES;
				IPHONEOS_DEPLOYMENT_TARGET = 16.4;
				MARKETING_VERSION = 1.0;
				PRODUCT_BUNDLE_IDENTIFIER = "alpine-software.Alpine-Music-AppUITests";
				PRODUCT_NAME = "$(TARGET_NAME)";
				SWIFT_EMIT_LOC_STRINGS = NO;
				SWIFT_VERSION = 5.0;
				TARGETED_DEVICE_FAMILY = "1,2";
				TEST_TARGET_NAME = "Alpine Music App";
			};
			name = Debug;
		};
		7710FB542A422974002706DF /* Release */ = {
			isa = XCBuildConfiguration;
			buildSettings = {
				CODE_SIGN_STYLE = Automatic;
				CURRENT_PROJECT_VERSION = 1;
				DEVELOPMENT_TEAM = 4QY57KKASP;
				GENERATE_INFOPLIST_FILE = YES;
				IPHONEOS_DEPLOYMENT_TARGET = 16.4;
				MARKETING_VERSION = 1.0;
				PRODUCT_BUNDLE_IDENTIFIER = "alpine-software.Alpine-Music-AppUITests";
				PRODUCT_NAME = "$(TARGET_NAME)";
				SWIFT_EMIT_LOC_STRINGS = NO;
				SWIFT_VERSION = 5.0;
				TARGETED_DEVICE_FAMILY = "1,2";
				TEST_TARGET_NAME = "Alpine Music App";
			};
			name = Release;
		};
		7787CCAB29E86EC200167F99 /* Debug */ = {
			isa = XCBuildConfiguration;
			buildSettings = {
				ALWAYS_SEARCH_USER_PATHS = NO;
				CLANG_ANALYZER_NONNULL = YES;
				CLANG_ANALYZER_NUMBER_OBJECT_CONVERSION = YES_AGGRESSIVE;
				CLANG_CXX_LANGUAGE_STANDARD = "gnu++20";
				CLANG_ENABLE_MODULES = YES;
				CLANG_ENABLE_OBJC_ARC = YES;
				CLANG_ENABLE_OBJC_WEAK = YES;
				CLANG_WARN_BLOCK_CAPTURE_AUTORELEASING = YES;
				CLANG_WARN_BOOL_CONVERSION = YES;
				CLANG_WARN_COMMA = YES;
				CLANG_WARN_CONSTANT_CONVERSION = YES;
				CLANG_WARN_DEPRECATED_OBJC_IMPLEMENTATIONS = YES;
				CLANG_WARN_DIRECT_OBJC_ISA_USAGE = YES_ERROR;
				CLANG_WARN_DOCUMENTATION_COMMENTS = YES;
				CLANG_WARN_EMPTY_BODY = YES;
				CLANG_WARN_ENUM_CONVERSION = YES;
				CLANG_WARN_INFINITE_RECURSION = YES;
				CLANG_WARN_INT_CONVERSION = YES;
				CLANG_WARN_NON_LITERAL_NULL_CONVERSION = YES;
				CLANG_WARN_OBJC_IMPLICIT_RETAIN_SELF = YES;
				CLANG_WARN_OBJC_LITERAL_CONVERSION = YES;
				CLANG_WARN_OBJC_ROOT_CLASS = YES_ERROR;
				CLANG_WARN_QUOTED_INCLUDE_IN_FRAMEWORK_HEADER = YES;
				CLANG_WARN_RANGE_LOOP_ANALYSIS = YES;
				CLANG_WARN_STRICT_PROTOTYPES = YES;
				CLANG_WARN_SUSPICIOUS_MOVE = YES;
				CLANG_WARN_UNGUARDED_AVAILABILITY = YES_AGGRESSIVE;
				CLANG_WARN_UNREACHABLE_CODE = YES;
				CLANG_WARN__DUPLICATE_METHOD_MATCH = YES;
				COPY_PHASE_STRIP = NO;
				DEBUG_INFORMATION_FORMAT = dwarf;
				ENABLE_STRICT_OBJC_MSGSEND = YES;
				ENABLE_TESTABILITY = YES;
				GCC_C_LANGUAGE_STANDARD = gnu11;
				GCC_DYNAMIC_NO_PIC = NO;
				GCC_NO_COMMON_BLOCKS = YES;
				GCC_OPTIMIZATION_LEVEL = 0;
				GCC_PREPROCESSOR_DEFINITIONS = (
					"DEBUG=1",
					"$(inherited)",
				);
				GCC_WARN_64_TO_32_BIT_CONVERSION = YES;
				GCC_WARN_ABOUT_RETURN_TYPE = YES_ERROR;
				GCC_WARN_UNDECLARED_SELECTOR = YES;
				GCC_WARN_UNINITIALIZED_AUTOS = YES_AGGRESSIVE;
				GCC_WARN_UNUSED_FUNCTION = YES;
				GCC_WARN_UNUSED_VARIABLE = YES;
				IPHONEOS_DEPLOYMENT_TARGET = 16.0;
				MTL_ENABLE_DEBUG_INFO = INCLUDE_SOURCE;
				MTL_FAST_MATH = YES;
				ONLY_ACTIVE_ARCH = YES;
				SDKROOT = iphoneos;
				SWIFT_ACTIVE_COMPILATION_CONDITIONS = DEBUG;
				SWIFT_OPTIMIZATION_LEVEL = "-Onone";
			};
			name = Debug;
		};
		7787CCAC29E86EC200167F99 /* Release */ = {
			isa = XCBuildConfiguration;
			buildSettings = {
				ALWAYS_SEARCH_USER_PATHS = NO;
				CLANG_ANALYZER_NONNULL = YES;
				CLANG_ANALYZER_NUMBER_OBJECT_CONVERSION = YES_AGGRESSIVE;
				CLANG_CXX_LANGUAGE_STANDARD = "gnu++20";
				CLANG_ENABLE_MODULES = YES;
				CLANG_ENABLE_OBJC_ARC = YES;
				CLANG_ENABLE_OBJC_WEAK = YES;
				CLANG_WARN_BLOCK_CAPTURE_AUTORELEASING = YES;
				CLANG_WARN_BOOL_CONVERSION = YES;
				CLANG_WARN_COMMA = YES;
				CLANG_WARN_CONSTANT_CONVERSION = YES;
				CLANG_WARN_DEPRECATED_OBJC_IMPLEMENTATIONS = YES;
				CLANG_WARN_DIRECT_OBJC_ISA_USAGE = YES_ERROR;
				CLANG_WARN_DOCUMENTATION_COMMENTS = YES;
				CLANG_WARN_EMPTY_BODY = YES;
				CLANG_WARN_ENUM_CONVERSION = YES;
				CLANG_WARN_INFINITE_RECURSION = YES;
				CLANG_WARN_INT_CONVERSION = YES;
				CLANG_WARN_NON_LITERAL_NULL_CONVERSION = YES;
				CLANG_WARN_OBJC_IMPLICIT_RETAIN_SELF = YES;
				CLANG_WARN_OBJC_LITERAL_CONVERSION = YES;
				CLANG_WARN_OBJC_ROOT_CLASS = YES_ERROR;
				CLANG_WARN_QUOTED_INCLUDE_IN_FRAMEWORK_HEADER = YES;
				CLANG_WARN_RANGE_LOOP_ANALYSIS = YES;
				CLANG_WARN_STRICT_PROTOTYPES = YES;
				CLANG_WARN_SUSPICIOUS_MOVE = YES;
				CLANG_WARN_UNGUARDED_AVAILABILITY = YES_AGGRESSIVE;
				CLANG_WARN_UNREACHABLE_CODE = YES;
				CLANG_WARN__DUPLICATE_METHOD_MATCH = YES;
				COPY_PHASE_STRIP = NO;
				DEBUG_INFORMATION_FORMAT = "dwarf-with-dsym";
				ENABLE_NS_ASSERTIONS = NO;
				ENABLE_STRICT_OBJC_MSGSEND = YES;
				GCC_C_LANGUAGE_STANDARD = gnu11;
				GCC_NO_COMMON_BLOCKS = YES;
				GCC_WARN_64_TO_32_BIT_CONVERSION = YES;
				GCC_WARN_ABOUT_RETURN_TYPE = YES_ERROR;
				GCC_WARN_UNDECLARED_SELECTOR = YES;
				GCC_WARN_UNINITIALIZED_AUTOS = YES_AGGRESSIVE;
				GCC_WARN_UNUSED_FUNCTION = YES;
				GCC_WARN_UNUSED_VARIABLE = YES;
				IPHONEOS_DEPLOYMENT_TARGET = 16.0;
				MTL_ENABLE_DEBUG_INFO = NO;
				MTL_FAST_MATH = YES;
				SDKROOT = iphoneos;
				SWIFT_COMPILATION_MODE = wholemodule;
				SWIFT_OPTIMIZATION_LEVEL = "-O";
				VALIDATE_PRODUCT = YES;
			};
			name = Release;
		};
		7787CCAE29E86EC200167F99 /* Debug */ = {
			isa = XCBuildConfiguration;
			buildSettings = {
				ASSETCATALOG_COMPILER_APPICON_NAME = AppIcon;
				ASSETCATALOG_COMPILER_GLOBAL_ACCENT_COLOR_NAME = AccentColor;
				CODE_SIGN_ENTITLEMENTS = "Alpine Music App/Alpine Music App.entitlements";
				CODE_SIGN_STYLE = Automatic;
				CURRENT_PROJECT_VERSION = 3;
				DEVELOPMENT_ASSET_PATHS = "Alpine\\ Music\\ App/Resources/Info.plist";
				DEVELOPMENT_TEAM = G87PY825HS;
				GENERATE_INFOPLIST_FILE = YES;
				INFOPLIST_FILE = "Alpine Music App/Resources/Info.plist";
				INFOPLIST_KEY_CFBundleDisplayName = "Alpine Music";
				INFOPLIST_KEY_LSApplicationCategoryType = "public.app-category.music";
				INFOPLIST_KEY_UIApplicationSupportsIndirectInputEvents = YES;
				INFOPLIST_KEY_UILaunchStoryboardName = LaunchScreen;
				INFOPLIST_KEY_UIMainStoryboardFile = Main;
				INFOPLIST_KEY_UIRequiresFullScreen = YES;
				INFOPLIST_KEY_UIStatusBarStyle = UIStatusBarStyleLightContent;
				INFOPLIST_KEY_UISupportedInterfaceOrientations = UIInterfaceOrientationPortrait;
				IPHONEOS_DEPLOYMENT_TARGET = 15.0;
				LD_RUNPATH_SEARCH_PATHS = (
					"$(inherited)",
					"@executable_path/Frameworks",
				);
				MARKETING_VERSION = 1.0;
				PRODUCT_BUNDLE_IDENTIFIER = "alpine-software.Alpine-Music-App";
				PRODUCT_NAME = "$(TARGET_NAME)";
				SWIFT_EMIT_LOC_STRINGS = YES;
				SWIFT_VERSION = 5.0;
				TARGETED_DEVICE_FAMILY = "1,2";
			};
			name = Debug;
		};
		7787CCAF29E86EC200167F99 /* Release */ = {
			isa = XCBuildConfiguration;
			buildSettings = {
				ASSETCATALOG_COMPILER_APPICON_NAME = AppIcon;
				ASSETCATALOG_COMPILER_GLOBAL_ACCENT_COLOR_NAME = AccentColor;
				CODE_SIGN_ENTITLEMENTS = "Alpine Music App/Alpine Music App.entitlements";
				CODE_SIGN_STYLE = Automatic;
				CURRENT_PROJECT_VERSION = 3;
				DEVELOPMENT_ASSET_PATHS = "Alpine\\ Music\\ App/Resources/Info.plist";
				DEVELOPMENT_TEAM = G87PY825HS;
				GENERATE_INFOPLIST_FILE = YES;
				INFOPLIST_FILE = "Alpine Music App/Resources/Info.plist";
				INFOPLIST_KEY_CFBundleDisplayName = "Alpine Music";
				INFOPLIST_KEY_LSApplicationCategoryType = "public.app-category.music";
				INFOPLIST_KEY_UIApplicationSupportsIndirectInputEvents = YES;
				INFOPLIST_KEY_UILaunchStoryboardName = LaunchScreen;
				INFOPLIST_KEY_UIMainStoryboardFile = Main;
				INFOPLIST_KEY_UIRequiresFullScreen = YES;
				INFOPLIST_KEY_UIStatusBarStyle = UIStatusBarStyleLightContent;
				INFOPLIST_KEY_UISupportedInterfaceOrientations = UIInterfaceOrientationPortrait;
				IPHONEOS_DEPLOYMENT_TARGET = 15.0;
				LD_RUNPATH_SEARCH_PATHS = (
					"$(inherited)",
					"@executable_path/Frameworks",
				);
				MARKETING_VERSION = 1.0;
				PRODUCT_BUNDLE_IDENTIFIER = "alpine-software.Alpine-Music-App";
				PRODUCT_NAME = "$(TARGET_NAME)";
				SWIFT_EMIT_LOC_STRINGS = YES;
				SWIFT_VERSION = 5.0;
				TARGETED_DEVICE_FAMILY = "1,2";
			};
			name = Release;
		};
/* End XCBuildConfiguration section */

/* Begin XCConfigurationList section */
		7710FB432A42277C002706DF /* Build configuration list for PBXNativeTarget "Alpine Music AppTests" */ = {
			isa = XCConfigurationList;
			buildConfigurations = (
				7710FB442A42277C002706DF /* Debug */,
				7710FB452A42277C002706DF /* Release */,
			);
			defaultConfigurationIsVisible = 0;
			defaultConfigurationName = Release;
		};
		7710FB522A422974002706DF /* Build configuration list for PBXNativeTarget "Alpine Music AppUITests" */ = {
			isa = XCConfigurationList;
			buildConfigurations = (
				7710FB532A422974002706DF /* Debug */,
				7710FB542A422974002706DF /* Release */,
			);
			defaultConfigurationIsVisible = 0;
			defaultConfigurationName = Release;
		};
		7787CC9429E86EC100167F99 /* Build configuration list for PBXProject "Alpine Music App" */ = {
			isa = XCConfigurationList;
			buildConfigurations = (
				7787CCAB29E86EC200167F99 /* Debug */,
				7787CCAC29E86EC200167F99 /* Release */,
			);
			defaultConfigurationIsVisible = 0;
			defaultConfigurationName = Release;
		};
		7787CCAD29E86EC200167F99 /* Build configuration list for PBXNativeTarget "Alpine Music App" */ = {
			isa = XCConfigurationList;
			buildConfigurations = (
				7787CCAE29E86EC200167F99 /* Debug */,
				7787CCAF29E86EC200167F99 /* Release */,
			);
			defaultConfigurationIsVisible = 0;
			defaultConfigurationName = Release;
		};
/* End XCConfigurationList section */

/* Begin XCRemoteSwiftPackageReference section */
		7744094629EC7AE900904506 /* XCRemoteSwiftPackageReference "Kingfisher" */ = {
			isa = XCRemoteSwiftPackageReference;
			repositoryURL = "https://github.com/onevcat/Kingfisher.git";
			requirement = {
				kind = upToNextMajorVersion;
				minimumVersion = 7.0.0;
			};
		};
		774CF3E02A02E1DE007BB528 /* XCRemoteSwiftPackageReference "firebase-ios-sdk" */ = {
			isa = XCRemoteSwiftPackageReference;
			repositoryURL = "https://github.com/firebase/firebase-ios-sdk.git";
			requirement = {
				branch = master;
				kind = branch;
			};
		};
/* End XCRemoteSwiftPackageReference section */

/* Begin XCSwiftPackageProductDependency section */
		7744094729EC7AE900904506 /* Kingfisher */ = {
			isa = XCSwiftPackageProductDependency;
			package = 7744094629EC7AE900904506 /* XCRemoteSwiftPackageReference "Kingfisher" */;
			productName = Kingfisher;
		};
		774CF3E12A02E1DE007BB528 /* FirebaseFirestore */ = {
			isa = XCSwiftPackageProductDependency;
			package = 774CF3E02A02E1DE007BB528 /* XCRemoteSwiftPackageReference "firebase-ios-sdk" */;
			productName = FirebaseFirestore;
		};
		774CF3E32A02E1DE007BB528 /* FirebaseFirestoreSwift */ = {
			isa = XCSwiftPackageProductDependency;
			package = 774CF3E02A02E1DE007BB528 /* XCRemoteSwiftPackageReference "firebase-ios-sdk" */;
			productName = FirebaseFirestoreSwift;
		};
		774CF3E52A02E1DE007BB528 /* FirebaseMessaging */ = {
			isa = XCSwiftPackageProductDependency;
			package = 774CF3E02A02E1DE007BB528 /* XCRemoteSwiftPackageReference "firebase-ios-sdk" */;
			productName = FirebaseMessaging;
		};
/* End XCSwiftPackageProductDependency section */
	};
	rootObject = 7787CC9129E86EC100167F99 /* Project object */;
}
